
Microsoft Visual Studio Solution File, Format Version 12.00
# Visual Studio Version 16
VisualStudioVersion = 16.0.31911.196
MinimumVisualStudioVersion = 10.0.40219.1
Project("{FAE04EC0-301F-11D3-BF4B-00C04F79EFBC}") = "MinhaApiDeLivros", "MinhaApiDeLivros\MinhaApiDeLivros.csproj", "{91FF57A7-49EB-4898-95F7-F642D5FB5CFF}"
EndProject
Global
	GlobalSection(SolutionConfigurationPlatforms) = preSolution
		Debug|Any CPU = Debug|Any CPU
		Release|Any CPU = Release|Any CPU
	EndGlobalSection
	GlobalSection(ProjectConfigurationPlatforms) = postSolution
		{91FF57A7-49EB-4898-95F7-F642D5FB5CFF}.Debug|Any CPU.ActiveCfg = Debug|Any CPU
		{91FF57A7-49EB-4898-95F7-F642D5FB5CFF}.Debug|Any CPU.Build.0 = Debug|Any CPU
		{91FF57A7-49EB-4898-95F7-F642D5FB5CFF}.Release|Any CPU.ActiveCfg = Release|Any CPU
		{91FF57A7-49EB-4898-95F7-F642D5FB5CFF}.Release|Any CPU.Build.0 = Release|Any CPU
	EndGlobalSection
	GlobalSection(SolutionProperties) = preSolution
		HideSolutionNode = FALSE
	EndGlobalSection
	GlobalSection(ExtensibilityGlobals) = postSolution
		SolutionGuid = {3DDEEC23-F324-4D7D-BA79-6362A0D07A0D}
	EndGlobalSection
EndGlobal
